// !$*UTF8*$!
{
	archiveVersion = 1;
	classes = {
	};
	objectVersion = 46;
	objects = {

/* Begin PBXBuildFile section */
		14D74DA81A8A8BFA001EC700 /* main.swift in Sources */ = {isa = PBXBuildFile; fileRef = 14D74DA71A8A8BFA001EC700 /* main.swift */; };
		14D74DAF1A8A8DB7001EC700 /* AgoraRequester.swift in Sources */ = {isa = PBXBuildFile; fileRef = 14D74DAE1A8A8DB7001EC700 /* AgoraRequester.swift */; };
/* End PBXBuildFile section */

/* Begin PBXCopyFilesBuildPhase section */
		14D74DA21A8A8BFA001EC700 /* CopyFiles */ = {
			isa = PBXCopyFilesBuildPhase;
			buildActionMask = 2147483647;
			dstPath = /usr/share/man/man1/;
			dstSubfolderSpec = 0;
			files = (
			);
			runOnlyForDeploymentPostprocessing = 1;
		};
/* End PBXCopyFilesBuildPhase section */

/* Begin PBXFileReference section */
		14D74DA41A8A8BFA001EC700 /* AgoraRequesterTester */ = {isa = PBXFileReference; explicitFileType = "compiled.mach-o.executable"; includeInIndex = 0; path = AgoraRequesterTester; sourceTree = BUILT_PRODUCTS_DIR; };
		14D74DA71A8A8BFA001EC700 /* main.swift */ = {isa = PBXFileReference; lastKnownFileType = sourcecode.swift; path = main.swift; sourceTree = "<group>"; };
		14D74DAE1A8A8DB7001EC700 /* AgoraRequester.swift */ = {isa = PBXFileReference; fileEncoding = 4; lastKnownFileType = sourcecode.swift; path = AgoraRequester.swift; sourceTree = "<group>"; };
/* End PBXFileReference section */

/* Begin PBXFrameworksBuildPhase section */
		14D74DA11A8A8BFA001EC700 /* Frameworks */ = {
			isa = PBXFrameworksBuildPhase;
			buildActionMask = 2147483647;
			files = (
			);
			runOnlyForDeploymentPostprocessing = 0;
		};
/* End PBXFrameworksBuildPhase section */

/* Begin PBXGroup section */
		14D74D9B1A8A8BFA001EC700 = {
			isa = PBXGroup;
			children = (
				14D74DA61A8A8BFA001EC700 /* AgoraRequesterTester */,
				14D74DA51A8A8BFA001EC700 /* Products */,
			);
			sourceTree = "<group>";
		};
		14D74DA51A8A8BFA001EC700 /* Products */ = {
			isa = PBXGroup;
			children = (
				14D74DA41A8A8BFA001EC700 /* AgoraRequesterTester */,
			);
			name = Products;
			sourceTree = "<group>";
		};
		14D74DA61A8A8BFA001EC700 /* AgoraRequesterTester */ = {
			isa = PBXGroup;
			children = (
				14D74DA71A8A8BFA001EC700 /* main.swift */,
				14D74DAE1A8A8DB7001EC700 /* AgoraRequester.swift */,
			);
			path = AgoraRequesterTester;
			sourceTree = "<group>";
		};
/* End PBXGroup section */

/* Begin PBXNativeTarget section */
		14D74DA31A8A8BFA001EC700 /* AgoraRequesterTester */ = {
			isa = PBXNativeTarget;
			buildConfigurationList = 14D74DAB1A8A8BFA001EC700 /* Build configuration list for PBXNativeTarget "AgoraRequesterTester" */;
			buildPhases = (
				14D74DA01A8A8BFA001EC700 /* Sources */,
				14D74DA11A8A8BFA001EC700 /* Frameworks */,
				14D74DA21A8A8BFA001EC700 /* CopyFiles */,
			);
			buildRules = (
			);
			dependencies = (
			);
			name = AgoraRequesterTester;
			productName = AgoraRequesterTester;
			productReference = 14D74DA41A8A8BFA001EC700 /* AgoraRequesterTester */;
			productType = "com.apple.product-type.tool";
		};
/* End PBXNativeTarget section */

/* Begin PBXProject section */
		14D74D9C1A8A8BFA001EC700 /* Project object */ = {
			isa = PBXProject;
			attributes = {
				LastUpgradeCheck = 0610;
				ORGANIZATIONNAME = "Kyle Handy";
				TargetAttributes = {
					14D74DA31A8A8BFA001EC700 = {
						CreatedOnToolsVersion = 6.1.1;
					};
				};
			};
			buildConfigurationList = 14D74D9F1A8A8BFA001EC700 /* Build configuration list for PBXProject "AgoraRequesterTester" */;
			compatibilityVersion = "Xcode 3.2";
			developmentRegion = English;
			hasScannedForEncodings = 0;
			knownRegions = (
				en,
			);
			mainGroup = 14D74D9B1A8A8BFA001EC700;
			productRefGroup = 14D74DA51A8A8BFA001EC700 /* Products */;
			projectDirPath = "";
			projectRoot = "";
			targets = (
				14D74DA31A8A8BFA001EC700 /* AgoraRequesterTester */,
			);
		};
/* End PBXProject section */

/* Begin PBXSourcesBuildPhase section */
		14D74DA01A8A8BFA001EC700 /* Sources */ = {
			isa = PBXSourcesBuildPhase;
			buildActionMask = 2147483647;
			files = (
				14D74DA81A8A8BFA001EC700 /* main.swift in Sources */,
				14D74DAF1A8A8DB7001EC700 /* AgoraRequester.swift in Sources */,
			);
			runOnlyForDeploymentPostprocessing = 0;
		};
/* End PBXSourcesBuildPhase section */

/* Begin XCBuildConfiguration section */
		14D74DA91A8A8BFA001EC700 /* Debug */ = {
			isa = XCBuildConfiguration;
			buildSettings = {
				ALWAYS_SEARCH_USER_PATHS = NO;
				CLANG_CXX_LANGUAGE_STANDARD = "gnu++0x";
				CLANG_CXX_LIBRARY = "libc++";
				CLANG_ENABLE_MODULES = YES;
				CLANG_ENABLE_OBJC_ARC = YES;
				CLANG_WARN_BOOL_CONVERSION = YES;
				CLANG_WARN_CONSTANT_CONVERSION = YES;
				CLANG_WARN_DIRECT_OBJC_ISA_USAGE = YES_ERROR;
				CLANG_WARN_EMPTY_BODY = YES;
				CLANG_WARN_ENUM_CONVERSION = YES;
				CLANG_WARN_INT_CONVERSION = YES;
				CLANG_WARN_OBJC_ROOT_CLASS = YES_ERROR;
				CLANG_WARN_UNREACHABLE_CODE = YES;
				CLANG_WARN__DUPLICATE_METHOD_MATCH = YES;
				COPY_PHASE_STRIP = NO;
				ENABLE_STRICT_OBJC_MSGSEND = YES;
				GCC_C_LANGUAGE_STANDARD = gnu99;
				GCC_DYNAMIC_NO_PIC = NO;
				GCC_OPTIMIZATION_LEVEL = 0;
				GCC_PREPROCESSOR_DEFINITIONS = (
					"DEBUG=1",
					"$(inherited)",
				);
				GCC_SYMBOLS_PRIVATE_EXTERN = NO;
				GCC_WARN_64_TO_32_BIT_CONVERSION = YES;
				GCC_WARN_ABOUT_RETURN_TYPE = YES_ERROR;
				GCC_WARN_UNDECLARED_SELECTOR = YES;
				GCC_WARN_UNINITIALIZED_AUTOS = YES_AGGRESSIVE;
				GCC_WARN_UNUSED_FUNCTION = YES;
				GCC_WARN_UNUSED_VARIABLE = YES;
				MACOSX_DEPLOYMENT_TARGET = 10.10;
				MTL_ENABLE_DEBUG_INFO = YES;
				ONLY_ACTIVE_ARCH = YES;
				SDKROOT = macosx;
				SWIFT_OPTIMIZATION_LEVEL = "-Onone";
			};
			name = Debug;
		};
		14D74DAA1A8A8BFA001EC700 /* Release */ = {
			isa = XCBuildConfiguration;
			buildSettings = {
				ALWAYS_SEARCH_USER_PATHS = NO;
				CLANG_CXX_LANGUAGE_STANDARD = "gnu++0x";
				CLANG_CXX_LIBRARY = "libc++";
				CLANG_ENABLE_MODULES = YES;
				CLANG_ENABLE_OBJC_ARC = YES;
				CLANG_WARN_BOOL_CONVERSION = YES;
				CLANG_WARN_CONSTANT_CONVERSION = YES;
				CLANG_WARN_DIRECT_OBJC_ISA_USAGE = YES_ERROR;
				CLANG_WARN_EMPTY_BODY = YES;
				CLANG_WARN_ENUM_CONVERSION = YES;
				CLANG_WARN_INT_CONVERSION = YES;
				CLANG_WARN_OBJC_ROOT_CLASS = YES_ERROR;
				CLANG_WARN_UNREACHABLE_CODE = YES;
				CLANG_WARN__DUPLICATE_METHOD_MATCH = YES;
				COPY_PHASE_STRIP = YES;
				DEBUG_INFORMATION_FORMAT = "dwarf-with-dsym";
				ENABLE_NS_ASSERTIONS = NO;
				ENABLE_STRICT_OBJC_MSGSEND = YES;
				GCC_C_LANGUAGE_STANDARD = gnu99;
				GCC_WARN_64_TO_32_BIT_CONVERSION = YES;
				GCC_WARN_ABOUT_RETURN_TYPE = YES_ERROR;
				GCC_WARN_UNDECLARED_SELECTOR = YES;
				GCC_WARN_UNINITIALIZED_AUTOS = YES_AGGRESSIVE;
				GCC_WARN_UNUSED_FUNCTION = YES;
				GCC_WARN_UNUSED_VARIABLE = YES;
				MACOSX_DEPLOYMENT_TARGET = 10.10;
				MTL_ENABLE_DEBUG_INFO = NO;
				SDKROOT = macosx;
			};
			name = Release;
		};
		14D74DAC1A8A8BFA001EC700 /* Debug */ = {
			isa = XCBuildConfiguration;
			buildSettings = {
				PRODUCT_NAME = "$(TARGET_NAME)";
			};
			name = Debug;
		};
		14D74DAD1A8A8BFA001EC700 /* Release */ = {
			isa = XCBuildConfiguration;
			buildSettings = {
				PRODUCT_NAME = "$(TARGET_NAME)";
			};
			name = Release;
		};
/* End XCBuildConfiguration section */

/* Begin XCConfigurationList section */
		14D74D9F1A8A8BFA001EC700 /* Build configuration list for PBXProject "AgoraRequesterTester" */ = {
			isa = XCConfigurationList;
			buildConfigurations = (
				14D74DA91A8A8BFA001EC700 /* Debug */,
				14D74DAA1A8A8BFA001EC700 /* Release */,
			);
			defaultConfigurationIsVisible = 0;
			defaultConfigurationName = Release;
		};
		14D74DAB1A8A8BFA001EC700 /* Build configuration list for PBXNativeTarget "AgoraRequesterTester" */ = {
			isa = XCConfigurationList;
			buildConfigurations = (
				14D74DAC1A8A8BFA001EC700 /* Debug */,
				14D74DAD1A8A8BFA001EC700 /* Release */,
			);
			defaultConfigurationIsVisible = 0;
		};
/* End XCConfigurationList section */
	};
	rootObject = 14D74D9C1A8A8BFA001EC700 /* Project object */;
}
